
Microsoft Visual Studio Solution File, Format Version 12.00
# Visual Studio 15
VisualStudioVersion = 15.0.26730.16
MinimumVisualStudioVersion = 10.0.40219.1
Project("{FAE04EC0-301F-11D3-BF4B-00C04F79EFBC}") = "Forum", "Forum\Forum.csproj", "{799F2A50-18E8-4DE5-AEDA-12B7BFAC4239}"
EndProject
Global
	GlobalSection(SolutionConfigurationPlatforms) = preSolution
		Debug|Any CPU = Debug|Any CPU
		Release|Any CPU = Release|Any CPU
	EndGlobalSection
	GlobalSection(ProjectConfigurationPlatforms) = postSolution
		{799F2A50-18E8-4DE5-AEDA-12B7BFAC4239}.Debug|Any CPU.ActiveCfg = Debug|Any CPU
		{799F2A50-18E8-4DE5-AEDA-12B7BFAC4239}.Debug|Any CPU.Build.0 = Debug|Any CPU
		{799F2A50-18E8-4DE5-AEDA-12B7BFAC4239}.Release|Any CPU.ActiveCfg = Release|Any CPU
		{799F2A50-18E8-4DE5-AEDA-12B7BFAC4239}.Release|Any CPU.Build.0 = Release|Any CPU
	EndGlobalSection
	GlobalSection(SolutionProperties) = preSolution
		HideSolutionNode = FALSE
	EndGlobalSection
	GlobalSection(ExtensibilityGlobals) = postSolution
		SolutionGuid = {D6AC94FD-66A6-498F-9592-6694DAC976F9}
	EndGlobalSection
EndGlobal
