
Microsoft Visual Studio Solution File, Format Version 12.00
# Visual Studio 15
VisualStudioVersion = 15.0.26730.16
MinimumVisualStudioVersion = 10.0.40219.1
Project("{FAE04EC0-301F-11D3-BF4B-00C04F79EFBC}") = "StudentAdminEksamen", "StudentAdminEksamen\StudentAdminEksamen.csproj", "{07D0FB3A-872E-4DCC-B391-BD3BEF2469B6}"
EndProject
Global
	GlobalSection(SolutionConfigurationPlatforms) = preSolution
		Debug|Any CPU = Debug|Any CPU
		Release|Any CPU = Release|Any CPU
	EndGlobalSection
	GlobalSection(ProjectConfigurationPlatforms) = postSolution
		{07D0FB3A-872E-4DCC-B391-BD3BEF2469B6}.Debug|Any CPU.ActiveCfg = Debug|Any CPU
		{07D0FB3A-872E-4DCC-B391-BD3BEF2469B6}.Debug|Any CPU.Build.0 = Debug|Any CPU
		{07D0FB3A-872E-4DCC-B391-BD3BEF2469B6}.Release|Any CPU.ActiveCfg = Release|Any CPU
		{07D0FB3A-872E-4DCC-B391-BD3BEF2469B6}.Release|Any CPU.Build.0 = Release|Any CPU
	EndGlobalSection
	GlobalSection(SolutionProperties) = preSolution
		HideSolutionNode = FALSE
	EndGlobalSection
	GlobalSection(ExtensibilityGlobals) = postSolution
		SolutionGuid = {35E1D615-C9C4-4410-9B55-D7E8C0D40C2F}
	EndGlobalSection
EndGlobal
